
Microsoft Visual Studio Solution File, Format Version 12.00
# Visual Studio Version 16
VisualStudioVersion = 16.0.31105.61
MinimumVisualStudioVersion = 10.0.40219.1
Project("{9A19103F-16F7-4668-BE54-9A1E7A4F7556}") = "DAL", "DAL\DAL.csproj", "{5F37FC27-66BA-423A-8323-5F5814703A9B}"
EndProject
Project("{9A19103F-16F7-4668-BE54-9A1E7A4F7556}") = "Razor_webapp", "Razor_webapp\Razor_webapp.csproj", "{780D03A6-38FC-4D0E-A507-BFB0FD5E4A1A}"
EndProject
Project("{FAE04EC0-301F-11D3-BF4B-00C04F79EFBC}") = "Models", "Models\Models.csproj", "{D4ADD8D9-6705-4A50-9DD3-9DE315EF6E06}"
EndProject
Global
	GlobalSection(SolutionConfigurationPlatforms) = preSolution
		Debug|Any CPU = Debug|Any CPU
		Release|Any CPU = Release|Any CPU
	EndGlobalSection
	GlobalSection(ProjectConfigurationPlatforms) = postSolution
		{5F37FC27-66BA-423A-8323-5F5814703A9B}.Debug|Any CPU.ActiveCfg = Debug|Any CPU
		{5F37FC27-66BA-423A-8323-5F5814703A9B}.Debug|Any CPU.Build.0 = Debug|Any CPU
		{5F37FC27-66BA-423A-8323-5F5814703A9B}.Release|Any CPU.ActiveCfg = Release|Any CPU
		{5F37FC27-66BA-423A-8323-5F5814703A9B}.Release|Any CPU.Build.0 = Release|Any CPU
		{780D03A6-38FC-4D0E-A507-BFB0FD5E4A1A}.Debug|Any CPU.ActiveCfg = Debug|Any CPU
		{780D03A6-38FC-4D0E-A507-BFB0FD5E4A1A}.Debug|Any CPU.Build.0 = Debug|Any CPU
		{780D03A6-38FC-4D0E-A507-BFB0FD5E4A1A}.Release|Any CPU.ActiveCfg = Release|Any CPU
		{780D03A6-38FC-4D0E-A507-BFB0FD5E4A1A}.Release|Any CPU.Build.0 = Release|Any CPU
		{D4ADD8D9-6705-4A50-9DD3-9DE315EF6E06}.Debug|Any CPU.ActiveCfg = Debug|Any CPU
		{D4ADD8D9-6705-4A50-9DD3-9DE315EF6E06}.Debug|Any CPU.Build.0 = Debug|Any CPU
		{D4ADD8D9-6705-4A50-9DD3-9DE315EF6E06}.Release|Any CPU.ActiveCfg = Release|Any CPU
		{D4ADD8D9-6705-4A50-9DD3-9DE315EF6E06}.Release|Any CPU.Build.0 = Release|Any CPU
	EndGlobalSection
	GlobalSection(SolutionProperties) = preSolution
		HideSolutionNode = FALSE
	EndGlobalSection
	GlobalSection(ExtensibilityGlobals) = postSolution
		SolutionGuid = {A6CE2311-9849-4832-A856-93E9C94F06EA}
	EndGlobalSection
EndGlobal
